
Microsoft Visual Studio Solution File, Format Version 12.00
# Visual Studio 2012
VisualStudioVersion = 14.0.23107.0
MinimumVisualStudioVersion = 10.0.40219.1
Project("{FAE04EC0-301F-11D3-BF4B-00C04F79EFBC}") = "MvvmTemplate.Droid", "MvvmTemplate\MvvmTemplate.Droid\MvvmTemplate.Droid.csproj", "{444C4EEE-05C5-4B92-B50C-4D3CEED8CC9C}"
EndProject
Project("{FAE04EC0-301F-11D3-BF4B-00C04F79EFBC}") = "MvvmTemplate.iOS", "MvvmTemplate\MvvmTemplate.iOS\MvvmTemplate.iOS.csproj", "{5DB6D14C-9018-4D42-B4BF-B80BE0552A58}"
EndProject
Project("{FAE04EC0-301F-11D3-BF4B-00C04F79EFBC}") = "MvvmTemplate.WinPhone", "MvvmTemplate\MvvmTemplate.WinPhone\MvvmTemplate.WinPhone.csproj", "{AF504A4F-F39C-4A7C-A073-593B414E7155}"
EndProject
Project("{FAE04EC0-301F-11D3-BF4B-00C04F79EFBC}") = "MvvmTemplate", "MvvmTemplate\MvvmTemplate\MvvmTemplate.csproj", "{56C19D56-E690-43E4-BEE2-28290AAA4D0C}"
EndProject
Global
	GlobalSection(SolutionConfigurationPlatforms) = preSolution
		Ad-Hoc|Any CPU = Ad-Hoc|Any CPU
		Ad-Hoc|ARM = Ad-Hoc|ARM
		Ad-Hoc|iPhone = Ad-Hoc|iPhone
		Ad-Hoc|iPhoneSimulator = Ad-Hoc|iPhoneSimulator
		Ad-Hoc|x86 = Ad-Hoc|x86
		AppStore|Any CPU = AppStore|Any CPU
		AppStore|ARM = AppStore|ARM
		AppStore|iPhone = AppStore|iPhone
		AppStore|iPhoneSimulator = AppStore|iPhoneSimulator
		AppStore|x86 = AppStore|x86
		Debug|Any CPU = Debug|Any CPU
		Debug|ARM = Debug|ARM
		Debug|iPhone = Debug|iPhone
		Debug|iPhoneSimulator = Debug|iPhoneSimulator
		Debug|x86 = Debug|x86
		Release|Any CPU = Release|Any CPU
		Release|ARM = Release|ARM
		Release|iPhone = Release|iPhone
		Release|iPhoneSimulator = Release|iPhoneSimulator
		Release|x86 = Release|x86
	EndGlobalSection
	GlobalSection(ProjectConfigurationPlatforms) = postSolution
		{444C4EEE-05C5-4B92-B50C-4D3CEED8CC9C}.Ad-Hoc|Any CPU.ActiveCfg = Release|Any CPU
		{444C4EEE-05C5-4B92-B50C-4D3CEED8CC9C}.Ad-Hoc|Any CPU.Build.0 = Release|Any CPU
		{444C4EEE-05C5-4B92-B50C-4D3CEED8CC9C}.Ad-Hoc|Any CPU.Deploy.0 = Release|Any CPU
		{444C4EEE-05C5-4B92-B50C-4D3CEED8CC9C}.Ad-Hoc|ARM.ActiveCfg = Release|Any CPU
		{444C4EEE-05C5-4B92-B50C-4D3CEED8CC9C}.Ad-Hoc|ARM.Build.0 = Release|Any CPU
		{444C4EEE-05C5-4B92-B50C-4D3CEED8CC9C}.Ad-Hoc|ARM.Deploy.0 = Release|Any CPU
		{444C4EEE-05C5-4B92-B50C-4D3CEED8CC9C}.Ad-Hoc|iPhone.ActiveCfg = Release|Any CPU
		{444C4EEE-05C5-4B92-B50C-4D3CEED8CC9C}.Ad-Hoc|iPhone.Build.0 = Release|Any CPU
		{444C4EEE-05C5-4B92-B50C-4D3CEED8CC9C}.Ad-Hoc|iPhone.Deploy.0 = Release|Any CPU
		{444C4EEE-05C5-4B92-B50C-4D3CEED8CC9C}.Ad-Hoc|iPhoneSimulator.ActiveCfg = Release|Any CPU
		{444C4EEE-05C5-4B92-B50C-4D3CEED8CC9C}.Ad-Hoc|iPhoneSimulator.Build.0 = Release|Any CPU
		{444C4EEE-05C5-4B92-B50C-4D3CEED8CC9C}.Ad-Hoc|iPhoneSimulator.Deploy.0 = Release|Any CPU
		{444C4EEE-05C5-4B92-B50C-4D3CEED8CC9C}.Ad-Hoc|x86.ActiveCfg = Release|Any CPU
		{444C4EEE-05C5-4B92-B50C-4D3CEED8CC9C}.Ad-Hoc|x86.Build.0 = Release|Any CPU
		{444C4EEE-05C5-4B92-B50C-4D3CEED8CC9C}.Ad-Hoc|x86.Deploy.0 = Release|Any CPU
		{444C4EEE-05C5-4B92-B50C-4D3CEED8CC9C}.AppStore|Any CPU.ActiveCfg = Release|Any CPU
		{444C4EEE-05C5-4B92-B50C-4D3CEED8CC9C}.AppStore|Any CPU.Build.0 = Release|Any CPU
		{444C4EEE-05C5-4B92-B50C-4D3CEED8CC9C}.AppStore|Any CPU.Deploy.0 = Release|Any CPU
		{444C4EEE-05C5-4B92-B50C-4D3CEED8CC9C}.AppStore|ARM.ActiveCfg = Release|Any CPU
		{444C4EEE-05C5-4B92-B50C-4D3CEED8CC9C}.AppStore|ARM.Build.0 = Release|Any CPU
		{444C4EEE-05C5-4B92-B50C-4D3CEED8CC9C}.AppStore|ARM.Deploy.0 = Release|Any CPU
		{444C4EEE-05C5-4B92-B50C-4D3CEED8CC9C}.AppStore|iPhone.ActiveCfg = Release|Any CPU
		{444C4EEE-05C5-4B92-B50C-4D3CEED8CC9C}.AppStore|iPhone.Build.0 = Release|Any CPU
		{444C4EEE-05C5-4B92-B50C-4D3CEED8CC9C}.AppStore|iPhone.Deploy.0 = Release|Any CPU
		{444C4EEE-05C5-4B92-B50C-4D3CEED8CC9C}.AppStore|iPhoneSimulator.ActiveCfg = Release|Any CPU
		{444C4EEE-05C5-4B92-B50C-4D3CEED8CC9C}.AppStore|iPhoneSimulator.Build.0 = Release|Any CPU
		{444C4EEE-05C5-4B92-B50C-4D3CEED8CC9C}.AppStore|iPhoneSimulator.Deploy.0 = Release|Any CPU
		{444C4EEE-05C5-4B92-B50C-4D3CEED8CC9C}.AppStore|x86.ActiveCfg = Release|Any CPU
		{444C4EEE-05C5-4B92-B50C-4D3CEED8CC9C}.AppStore|x86.Build.0 = Release|Any CPU
		{444C4EEE-05C5-4B92-B50C-4D3CEED8CC9C}.AppStore|x86.Deploy.0 = Release|Any CPU
		{444C4EEE-05C5-4B92-B50C-4D3CEED8CC9C}.Debug|Any CPU.ActiveCfg = Debug|Any CPU
		{444C4EEE-05C5-4B92-B50C-4D3CEED8CC9C}.Debug|Any CPU.Build.0 = Debug|Any CPU
		{444C4EEE-05C5-4B92-B50C-4D3CEED8CC9C}.Debug|Any CPU.Deploy.0 = Debug|Any CPU
		{444C4EEE-05C5-4B92-B50C-4D3CEED8CC9C}.Debug|ARM.ActiveCfg = Debug|Any CPU
		{444C4EEE-05C5-4B92-B50C-4D3CEED8CC9C}.Debug|ARM.Build.0 = Debug|Any CPU
		{444C4EEE-05C5-4B92-B50C-4D3CEED8CC9C}.Debug|ARM.Deploy.0 = Debug|Any CPU
		{444C4EEE-05C5-4B92-B50C-4D3CEED8CC9C}.Debug|iPhone.ActiveCfg = Debug|Any CPU
		{444C4EEE-05C5-4B92-B50C-4D3CEED8CC9C}.Debug|iPhone.Build.0 = Debug|Any CPU
		{444C4EEE-05C5-4B92-B50C-4D3CEED8CC9C}.Debug|iPhone.Deploy.0 = Debug|Any CPU
		{444C4EEE-05C5-4B92-B50C-4D3CEED8CC9C}.Debug|iPhoneSimulator.ActiveCfg = Debug|Any CPU
		{444C4EEE-05C5-4B92-B50C-4D3CEED8CC9C}.Debug|iPhoneSimulator.Build.0 = Debug|Any CPU
		{444C4EEE-05C5-4B92-B50C-4D3CEED8CC9C}.Debug|iPhoneSimulator.Deploy.0 = Debug|Any CPU
		{444C4EEE-05C5-4B92-B50C-4D3CEED8CC9C}.Debug|x86.ActiveCfg = Debug|Any CPU
		{444C4EEE-05C5-4B92-B50C-4D3CEED8CC9C}.Debug|x86.Build.0 = Debug|Any CPU
		{444C4EEE-05C5-4B92-B50C-4D3CEED8CC9C}.Debug|x86.Deploy.0 = Debug|Any CPU
		{444C4EEE-05C5-4B92-B50C-4D3CEED8CC9C}.Release|Any CPU.ActiveCfg = Release|Any CPU
		{444C4EEE-05C5-4B92-B50C-4D3CEED8CC9C}.Release|Any CPU.Build.0 = Release|Any CPU
		{444C4EEE-05C5-4B92-B50C-4D3CEED8CC9C}.Release|Any CPU.Deploy.0 = Release|Any CPU
		{444C4EEE-05C5-4B92-B50C-4D3CEED8CC9C}.Release|ARM.ActiveCfg = Release|Any CPU
		{444C4EEE-05C5-4B92-B50C-4D3CEED8CC9C}.Release|ARM.Build.0 = Release|Any CPU
		{444C4EEE-05C5-4B92-B50C-4D3CEED8CC9C}.Release|ARM.Deploy.0 = Release|Any CPU
		{444C4EEE-05C5-4B92-B50C-4D3CEED8CC9C}.Release|iPhone.ActiveCfg = Release|Any CPU
		{444C4EEE-05C5-4B92-B50C-4D3CEED8CC9C}.Release|iPhone.Build.0 = Release|Any CPU
		{444C4EEE-05C5-4B92-B50C-4D3CEED8CC9C}.Release|iPhone.Deploy.0 = Release|Any CPU
		{444C4EEE-05C5-4B92-B50C-4D3CEED8CC9C}.Release|iPhoneSimulator.ActiveCfg = Release|Any CPU
		{444C4EEE-05C5-4B92-B50C-4D3CEED8CC9C}.Release|iPhoneSimulator.Build.0 = Release|Any CPU
		{444C4EEE-05C5-4B92-B50C-4D3CEED8CC9C}.Release|iPhoneSimulator.Deploy.0 = Release|Any CPU
		{444C4EEE-05C5-4B92-B50C-4D3CEED8CC9C}.Release|x86.ActiveCfg = Release|Any CPU
		{444C4EEE-05C5-4B92-B50C-4D3CEED8CC9C}.Release|x86.Build.0 = Release|Any CPU
		{444C4EEE-05C5-4B92-B50C-4D3CEED8CC9C}.Release|x86.Deploy.0 = Release|Any CPU
		{56C19D56-E690-43E4-BEE2-28290AAA4D0C}.Ad-Hoc|Any CPU.ActiveCfg = Release|Any CPU
		{56C19D56-E690-43E4-BEE2-28290AAA4D0C}.Ad-Hoc|Any CPU.Build.0 = Release|Any CPU
		{56C19D56-E690-43E4-BEE2-28290AAA4D0C}.Ad-Hoc|ARM.ActiveCfg = Release|Any CPU
		{56C19D56-E690-43E4-BEE2-28290AAA4D0C}.Ad-Hoc|ARM.Build.0 = Release|Any CPU
		{56C19D56-E690-43E4-BEE2-28290AAA4D0C}.Ad-Hoc|iPhone.ActiveCfg = Release|Any CPU
		{56C19D56-E690-43E4-BEE2-28290AAA4D0C}.Ad-Hoc|iPhone.Build.0 = Release|Any CPU
		{56C19D56-E690-43E4-BEE2-28290AAA4D0C}.Ad-Hoc|iPhoneSimulator.ActiveCfg = Release|Any CPU
		{56C19D56-E690-43E4-BEE2-28290AAA4D0C}.Ad-Hoc|iPhoneSimulator.Build.0 = Release|Any CPU
		{56C19D56-E690-43E4-BEE2-28290AAA4D0C}.Ad-Hoc|x86.ActiveCfg = Release|Any CPU
		{56C19D56-E690-43E4-BEE2-28290AAA4D0C}.Ad-Hoc|x86.Build.0 = Release|Any CPU
		{56C19D56-E690-43E4-BEE2-28290AAA4D0C}.AppStore|Any CPU.ActiveCfg = Release|Any CPU
		{56C19D56-E690-43E4-BEE2-28290AAA4D0C}.AppStore|Any CPU.Build.0 = Release|Any CPU
		{56C19D56-E690-43E4-BEE2-28290AAA4D0C}.AppStore|ARM.ActiveCfg = Release|Any CPU
		{56C19D56-E690-43E4-BEE2-28290AAA4D0C}.AppStore|ARM.Build.0 = Release|Any CPU
		{56C19D56-E690-43E4-BEE2-28290AAA4D0C}.AppStore|iPhone.ActiveCfg = Release|Any CPU
		{56C19D56-E690-43E4-BEE2-28290AAA4D0C}.AppStore|iPhone.Build.0 = Release|Any CPU
		{56C19D56-E690-43E4-BEE2-28290AAA4D0C}.AppStore|iPhoneSimulator.ActiveCfg = Release|Any CPU
		{56C19D56-E690-43E4-BEE2-28290AAA4D0C}.AppStore|iPhoneSimulator.Build.0 = Release|Any CPU
		{56C19D56-E690-43E4-BEE2-28290AAA4D0C}.AppStore|x86.ActiveCfg = Release|Any CPU
		{56C19D56-E690-43E4-BEE2-28290AAA4D0C}.AppStore|x86.Build.0 = Release|Any CPU
		{56C19D56-E690-43E4-BEE2-28290AAA4D0C}.Debug|Any CPU.ActiveCfg = Debug|Any CPU
		{56C19D56-E690-43E4-BEE2-28290AAA4D0C}.Debug|Any CPU.Build.0 = Debug|Any CPU
		{56C19D56-E690-43E4-BEE2-28290AAA4D0C}.Debug|ARM.ActiveCfg = Debug|Any CPU
		{56C19D56-E690-43E4-BEE2-28290AAA4D0C}.Debug|ARM.Build.0 = Debug|Any CPU
		{56C19D56-E690-43E4-BEE2-28290AAA4D0C}.Debug|iPhone.ActiveCfg = Debug|Any CPU
		{56C19D56-E690-43E4-BEE2-28290AAA4D0C}.Debug|iPhone.Build.0 = Debug|Any CPU
		{56C19D56-E690-43E4-BEE2-28290AAA4D0C}.Debug|iPhoneSimulator.ActiveCfg = Debug|Any CPU
		{56C19D56-E690-43E4-BEE2-28290AAA4D0C}.Debug|iPhoneSimulator.Build.0 = Debug|Any CPU
		{56C19D56-E690-43E4-BEE2-28290AAA4D0C}.Debug|x86.ActiveCfg = Debug|Any CPU
		{56C19D56-E690-43E4-BEE2-28290AAA4D0C}.Debug|x86.Build.0 = Debug|Any CPU
		{56C19D56-E690-43E4-BEE2-28290AAA4D0C}.Release|Any CPU.ActiveCfg = Release|Any CPU
		{56C19D56-E690-43E4-BEE2-28290AAA4D0C}.Release|Any CPU.Build.0 = Release|Any CPU
		{56C19D56-E690-43E4-BEE2-28290AAA4D0C}.Release|ARM.ActiveCfg = Release|Any CPU
		{56C19D56-E690-43E4-BEE2-28290AAA4D0C}.Release|ARM.Build.0 = Release|Any CPU
		{56C19D56-E690-43E4-BEE2-28290AAA4D0C}.Release|iPhone.ActiveCfg = Release|Any CPU
		{56C19D56-E690-43E4-BEE2-28290AAA4D0C}.Release|iPhone.Build.0 = Release|Any CPU
		{56C19D56-E690-43E4-BEE2-28290AAA4D0C}.Release|iPhoneSimulator.ActiveCfg = Release|Any CPU
		{56C19D56-E690-43E4-BEE2-28290AAA4D0C}.Release|iPhoneSimulator.Build.0 = Release|Any CPU
		{56C19D56-E690-43E4-BEE2-28290AAA4D0C}.Release|x86.ActiveCfg = Release|Any CPU
		{56C19D56-E690-43E4-BEE2-28290AAA4D0C}.Release|x86.Build.0 = Release|Any CPU
		{5DB6D14C-9018-4D42-B4BF-B80BE0552A58}.Ad-Hoc|Any CPU.ActiveCfg = Ad-Hoc|iPhone
		{5DB6D14C-9018-4D42-B4BF-B80BE0552A58}.Ad-Hoc|ARM.ActiveCfg = Ad-Hoc|iPhone
		{5DB6D14C-9018-4D42-B4BF-B80BE0552A58}.Ad-Hoc|iPhone.ActiveCfg = Ad-Hoc|iPhone
		{5DB6D14C-9018-4D42-B4BF-B80BE0552A58}.Ad-Hoc|iPhone.Build.0 = Ad-Hoc|iPhone
		{5DB6D14C-9018-4D42-B4BF-B80BE0552A58}.Ad-Hoc|iPhoneSimulator.ActiveCfg = Ad-Hoc|iPhoneSimulator
		{5DB6D14C-9018-4D42-B4BF-B80BE0552A58}.Ad-Hoc|iPhoneSimulator.Build.0 = Ad-Hoc|iPhoneSimulator
		{5DB6D14C-9018-4D42-B4BF-B80BE0552A58}.Ad-Hoc|x86.ActiveCfg = Ad-Hoc|iPhone
		{5DB6D14C-9018-4D42-B4BF-B80BE0552A58}.AppStore|Any CPU.ActiveCfg = AppStore|iPhone
		{5DB6D14C-9018-4D42-B4BF-B80BE0552A58}.AppStore|ARM.ActiveCfg = AppStore|iPhone
		{5DB6D14C-9018-4D42-B4BF-B80BE0552A58}.AppStore|iPhone.ActiveCfg = AppStore|iPhone
		{5DB6D14C-9018-4D42-B4BF-B80BE0552A58}.AppStore|iPhone.Build.0 = AppStore|iPhone
		{5DB6D14C-9018-4D42-B4BF-B80BE0552A58}.AppStore|iPhoneSimulator.ActiveCfg = AppStore|iPhoneSimulator
		{5DB6D14C-9018-4D42-B4BF-B80BE0552A58}.AppStore|iPhoneSimulator.Build.0 = AppStore|iPhoneSimulator
		{5DB6D14C-9018-4D42-B4BF-B80BE0552A58}.AppStore|x86.ActiveCfg = AppStore|iPhone
		{5DB6D14C-9018-4D42-B4BF-B80BE0552A58}.Debug|Any CPU.ActiveCfg = Debug|iPhoneSimulator
		{5DB6D14C-9018-4D42-B4BF-B80BE0552A58}.Debug|Any CPU.Build.0 = Debug|iPhoneSimulator
		{5DB6D14C-9018-4D42-B4BF-B80BE0552A58}.Debug|ARM.ActiveCfg = Debug|iPhone
		{5DB6D14C-9018-4D42-B4BF-B80BE0552A58}.Debug|iPhone.ActiveCfg = Debug|iPhone
		{5DB6D14C-9018-4D42-B4BF-B80BE0552A58}.Debug|iPhone.Build.0 = Debug|iPhone
		{5DB6D14C-9018-4D42-B4BF-B80BE0552A58}.Debug|iPhoneSimulator.ActiveCfg = Debug|iPhoneSimulator
		{5DB6D14C-9018-4D42-B4BF-B80BE0552A58}.Debug|iPhoneSimulator.Build.0 = Debug|iPhoneSimulator
		{5DB6D14C-9018-4D42-B4BF-B80BE0552A58}.Debug|x86.ActiveCfg = Debug|iPhone
		{5DB6D14C-9018-4D42-B4BF-B80BE0552A58}.Release|Any CPU.ActiveCfg = Release|iPhone
		{5DB6D14C-9018-4D42-B4BF-B80BE0552A58}.Release|ARM.ActiveCfg = Release|iPhone
		{5DB6D14C-9018-4D42-B4BF-B80BE0552A58}.Release|iPhone.ActiveCfg = Release|iPhone
		{5DB6D14C-9018-4D42-B4BF-B80BE0552A58}.Release|iPhone.Build.0 = Release|iPhone
		{5DB6D14C-9018-4D42-B4BF-B80BE0552A58}.Release|iPhoneSimulator.ActiveCfg = Release|iPhoneSimulator
		{5DB6D14C-9018-4D42-B4BF-B80BE0552A58}.Release|iPhoneSimulator.Build.0 = Release|iPhoneSimulator
		{5DB6D14C-9018-4D42-B4BF-B80BE0552A58}.Release|x86.ActiveCfg = Release|iPhone
		{AF504A4F-F39C-4A7C-A073-593B414E7155}.Ad-Hoc|Any CPU.ActiveCfg = Release|Any CPU
		{AF504A4F-F39C-4A7C-A073-593B414E7155}.Ad-Hoc|Any CPU.Build.0 = Release|Any CPU
		{AF504A4F-F39C-4A7C-A073-593B414E7155}.Ad-Hoc|Any CPU.Deploy.0 = Release|Any CPU
		{AF504A4F-F39C-4A7C-A073-593B414E7155}.Ad-Hoc|ARM.ActiveCfg = Release|ARM
		{AF504A4F-F39C-4A7C-A073-593B414E7155}.Ad-Hoc|ARM.Build.0 = Release|ARM
		{AF504A4F-F39C-4A7C-A073-593B414E7155}.Ad-Hoc|ARM.Deploy.0 = Release|ARM
		{AF504A4F-F39C-4A7C-A073-593B414E7155}.Ad-Hoc|iPhone.ActiveCfg = Release|Any CPU
		{AF504A4F-F39C-4A7C-A073-593B414E7155}.Ad-Hoc|iPhone.Build.0 = Release|Any CPU
		{AF504A4F-F39C-4A7C-A073-593B414E7155}.Ad-Hoc|iPhone.Deploy.0 = Release|Any CPU
		{AF504A4F-F39C-4A7C-A073-593B414E7155}.Ad-Hoc|iPhoneSimulator.ActiveCfg = Release|Any CPU
		{AF504A4F-F39C-4A7C-A073-593B414E7155}.Ad-Hoc|iPhoneSimulator.Build.0 = Release|Any CPU
		{AF504A4F-F39C-4A7C-A073-593B414E7155}.Ad-Hoc|iPhoneSimulator.Deploy.0 = Release|Any CPU
		{AF504A4F-F39C-4A7C-A073-593B414E7155}.Ad-Hoc|x86.ActiveCfg = Release|x86
		{AF504A4F-F39C-4A7C-A073-593B414E7155}.Ad-Hoc|x86.Build.0 = Release|x86
		{AF504A4F-F39C-4A7C-A073-593B414E7155}.Ad-Hoc|x86.Deploy.0 = Release|x86
		{AF504A4F-F39C-4A7C-A073-593B414E7155}.AppStore|Any CPU.ActiveCfg = Release|Any CPU
		{AF504A4F-F39C-4A7C-A073-593B414E7155}.AppStore|Any CPU.Build.0 = Release|Any CPU
		{AF504A4F-F39C-4A7C-A073-593B414E7155}.AppStore|Any CPU.Deploy.0 = Release|Any CPU
		{AF504A4F-F39C-4A7C-A073-593B414E7155}.AppStore|ARM.ActiveCfg = Release|ARM
		{AF504A4F-F39C-4A7C-A073-593B414E7155}.AppStore|ARM.Build.0 = Release|ARM
		{AF504A4F-F39C-4A7C-A073-593B414E7155}.AppStore|ARM.Deploy.0 = Release|ARM
		{AF504A4F-F39C-4A7C-A073-593B414E7155}.AppStore|iPhone.ActiveCfg = Release|Any CPU
		{AF504A4F-F39C-4A7C-A073-593B414E7155}.AppStore|iPhone.Build.0 = Release|Any CPU
		{AF504A4F-F39C-4A7C-A073-593B414E7155}.AppStore|iPhone.Deploy.0 = Release|Any CPU
		{AF504A4F-F39C-4A7C-A073-593B414E7155}.AppStore|iPhoneSimulator.ActiveCfg = Release|Any CPU
		{AF504A4F-F39C-4A7C-A073-593B414E7155}.AppStore|iPhoneSimulator.Build.0 = Release|Any CPU
		{AF504A4F-F39C-4A7C-A073-593B414E7155}.AppStore|iPhoneSimulator.Deploy.0 = Release|Any CPU
		{AF504A4F-F39C-4A7C-A073-593B414E7155}.AppStore|x86.ActiveCfg = Release|x86
		{AF504A4F-F39C-4A7C-A073-593B414E7155}.AppStore|x86.Build.0 = Release|x86
		{AF504A4F-F39C-4A7C-A073-593B414E7155}.AppStore|x86.Deploy.0 = Release|x86
		{AF504A4F-F39C-4A7C-A073-593B414E7155}.Debug|Any CPU.ActiveCfg = Debug|Any CPU
		{AF504A4F-F39C-4A7C-A073-593B414E7155}.Debug|Any CPU.Build.0 = Debug|Any CPU
		{AF504A4F-F39C-4A7C-A073-593B414E7155}.Debug|Any CPU.Deploy.0 = Debug|Any CPU
		{AF504A4F-F39C-4A7C-A073-593B414E7155}.Debug|ARM.ActiveCfg = Debug|ARM
		{AF504A4F-F39C-4A7C-A073-593B414E7155}.Debug|ARM.Build.0 = Debug|ARM
		{AF504A4F-F39C-4A7C-A073-593B414E7155}.Debug|ARM.Deploy.0 = Debug|ARM
		{AF504A4F-F39C-4A7C-A073-593B414E7155}.Debug|iPhone.ActiveCfg = Debug|Any CPU
		{AF504A4F-F39C-4A7C-A073-593B414E7155}.Debug|iPhone.Build.0 = Debug|Any CPU
		{AF504A4F-F39C-4A7C-A073-593B414E7155}.Debug|iPhone.Deploy.0 = Debug|Any CPU
		{AF504A4F-F39C-4A7C-A073-593B414E7155}.Debug|iPhoneSimulator.ActiveCfg = Debug|Any CPU
		{AF504A4F-F39C-4A7C-A073-593B414E7155}.Debug|iPhoneSimulator.Build.0 = Debug|Any CPU
		{AF504A4F-F39C-4A7C-A073-593B414E7155}.Debug|iPhoneSimulator.Deploy.0 = Debug|Any CPU
		{AF504A4F-F39C-4A7C-A073-593B414E7155}.Debug|x86.ActiveCfg = Debug|x86
		{AF504A4F-F39C-4A7C-A073-593B414E7155}.Debug|x86.Build.0 = Debug|x86
		{AF504A4F-F39C-4A7C-A073-593B414E7155}.Debug|x86.Deploy.0 = Debug|x86
		{AF504A4F-F39C-4A7C-A073-593B414E7155}.Release|Any CPU.ActiveCfg = Release|Any CPU
		{AF504A4F-F39C-4A7C-A073-593B414E7155}.Release|Any CPU.Build.0 = Release|Any CPU
		{AF504A4F-F39C-4A7C-A073-593B414E7155}.Release|Any CPU.Deploy.0 = Release|Any CPU
		{AF504A4F-F39C-4A7C-A073-593B414E7155}.Release|ARM.ActiveCfg = Release|ARM
		{AF504A4F-F39C-4A7C-A073-593B414E7155}.Release|ARM.Build.0 = Release|ARM
		{AF504A4F-F39C-4A7C-A073-593B414E7155}.Release|ARM.Deploy.0 = Release|ARM
		{AF504A4F-F39C-4A7C-A073-593B414E7155}.Release|iPhone.ActiveCfg = Release|Any CPU
		{AF504A4F-F39C-4A7C-A073-593B414E7155}.Release|iPhone.Build.0 = Release|Any CPU
		{AF504A4F-F39C-4A7C-A073-593B414E7155}.Release|iPhone.Deploy.0 = Release|Any CPU
		{AF504A4F-F39C-4A7C-A073-593B414E7155}.Release|iPhoneSimulator.ActiveCfg = Release|Any CPU
		{AF504A4F-F39C-4A7C-A073-593B414E7155}.Release|iPhoneSimulator.Build.0 = Release|Any CPU
		{AF504A4F-F39C-4A7C-A073-593B414E7155}.Release|iPhoneSimulator.Deploy.0 = Release|Any CPU
		{AF504A4F-F39C-4A7C-A073-593B414E7155}.Release|x86.ActiveCfg = Release|x86
		{AF504A4F-F39C-4A7C-A073-593B414E7155}.Release|x86.Build.0 = Release|x86
		{AF504A4F-F39C-4A7C-A073-593B414E7155}.Release|x86.Deploy.0 = Release|x86
	EndGlobalSection
	GlobalSection(SolutionProperties) = preSolution
		HideSolutionNode = FALSE
	EndGlobalSection
EndGlobal
